github.com/cenkalti/backoff/v4 v4.2.1 h1:y4OZtCnogmCPw98Zjyt5a6+QwPLGkiQsYW5oUqylYbM=
github.com/cenkalti/backoff/v4 v4.2.1/go.mod h1:Y3VNntkOUPxTVeUxJ/G5vcM//AlwfmyYozVcomhLiZE=
github.com/cespare/xxhash/v2 v2.2.0 h1:DC2CZ1Ep5Y4k3ZQ899DldepgrayRUGE6BBZ/cd9Cj44=
github.com/cespare/xxhash/v2 v2.2.0/go.mod h1:VGX0DQ3Q6kWi7AoAeZDth3/j3BFtOZR5XLFGgcrjCOs=
github.com/dgryski/go-rendezvous v0.0.0-20200823014737-9f7001d12a5f h1:lO4WD4F/rVNCu3HqELle0jiPLLBs70cWOduZpkS1E78=
github.com/dgryski/go-rendezvous v0.0.0-20200823014737-9f7001d12a5f/go.mod h1:cuUVRXasLTGF7a8hSLbxyZXjz+1KgoB3wDUb6vlszIc=
github.com/go-redis/redis_rate/v10 v10.0.1 h1:calPxi7tVlxojKunJwQ72kwfozdy25RjA0bCj1h0MUo=
github.com/go-redis/redis_rate/v10 v10.0.1/go.mod h1:EMiuO9+cjRkR7UvdvwMO7vbgqJkltQHtwbdIQvaBKIU=
github.com/go-telegram-bot-api/telegram-bot-api v4.6.4+incompatible h1:2cauKuaELYAEARXRkq2LrJ0yDDv1rW7+wrTEdVL3uaU=
github.com/go-telegram-bot-api/telegram-bot-api v4.6.4+incompatible/go.mod h1:qf9acutJ8cwBUhm1bqgz6Bei9/C/c93FPDljKWwsOgM=
github.com/redis/go-redis/v9 v9.3.0 h1:RiVDjmig62jIWp7Kk4XVLs0hzV6pI3PyTnnL0cnn0u0=
github.com/redis/go-redis/v9 v9.3.0/go.mod h1:hdY0cQFCN4fnSYT6TkisLufl/4W5UIXyv0b/CLO2V2M=
github.com/sashabaranov/go-openai v1.16.1 h1:R7c8jhXeQEtHkD6MoXQfkgzz/7JI6jjFKl+DXawaejQ=
github.com/sashabaranov/go-openai v1.16.1/go.mod h1:lj5b/K+zjTSFxVLijLSTDZuP7adOgerWeFyZLUhAKRg=
github.com/sashabaranov/go-openai v1.17.2 h1:Uj1Msqh43S9XhjUXYyOqOHMiRQtgQXCo5O0FeWZz7tU=
github.com/sashabaranov/go-openai v1.17.2/go.mod h1:lj5b/K+zjTSFxVLijLSTDZuP7adOgerWeFyZLUhAKRg=
github.com/sashabaranov/go-openai v1.17.5 h1:ItBzlrrfTtkFWOFlgfOhk3y/xRBC4PJol4gdbiK7hgg=
github.com/sashabaranov/go-openai v1.17.5/go.mod h1:lj5b/K+zjTSFxVLijLSTDZuP7adOgerWeFyZLUhAKRg=
github.com/technoweenie/multipartstreamer v1.0.1 h1:XRztA5MXiR1TIRHxH2uNxXxaIkKQDeX7m2XsSOlQEnM=
github.com/technoweenie/multipartstreamer v1.0.1/go.mod h1:jNVxdtShOxzAsukZwTSw6MDx5eUJoiEBsSvzDU9uzog=
